
Microsoft Visual Studio Solution File, Format Version 12.00
# Visual Studio Version 17
VisualStudioVersion = 17.8.34511.84
MinimumVisualStudioVersion = 10.0.40219.1
Project("{8BC9CEB8-8B4A-11D0-8D11-00A0C91BC942}") = "polymorphisme", "polymorphisme\polymorphisme.vcxproj", "{12F11CF7-6B80-49F8-A8E1-D1E71D493557}"
EndProject
Global
	GlobalSection(SolutionConfigurationPlatforms) = preSolution
		Debug|x64 = Debug|x64
		Release|x64 = Release|x64
	EndGlobalSection
	GlobalSection(ProjectConfigurationPlatforms) = postSolution
		{12F11CF7-6B80-49F8-A8E1-D1E71D493557}.Debug|x64.ActiveCfg = Debug|x64
		{12F11CF7-6B80-49F8-A8E1-D1E71D493557}.Debug|x64.Build.0 = Debug|x64
		{12F11CF7-6B80-49F8-A8E1-D1E71D493557}.Release|x64.ActiveCfg = Release|x64
		{12F11CF7-6B80-49F8-A8E1-D1E71D493557}.Release|x64.Build.0 = Release|x64
	EndGlobalSection
	GlobalSection(SolutionProperties) = preSolution
		HideSolutionNode = FALSE
	EndGlobalSection
	GlobalSection(ExtensibilityGlobals) = postSolution
		SolutionGuid = {0B12299C-D34D-4B32-B11D-261909582DDA}
	EndGlobalSection
EndGlobal
